// !$*UTF8*$!
{
	archiveVersion = 1;
	classes = {
	};
	objectVersion = 55;
	objects = {

/* Begin PBXBuildFile section */
		07BF523828B26F9500F1D906 /* About_Me_appApp.swift in Sources */ = {isa = PBXBuildFile; fileRef = 07BF523728B26F9500F1D906 /* About_Me_appApp.swift */; };
		07BF523A28B26F9500F1D906 /* ContentView.swift in Sources */ = {isa = PBXBuildFile; fileRef = 07BF523928B26F9500F1D906 /* ContentView.swift */; };
		07BF523C28B26F9D00F1D906 /* Assets.xcassets in Resources */ = {isa = PBXBuildFile; fileRef = 07BF523B28B26F9D00F1D906 /* Assets.xcassets */; };
		07BF523F28B26F9D00F1D906 /* Preview Assets.xcassets in Resources */ = {isa = PBXBuildFile; fileRef = 07BF523E28B26F9D00F1D906 /* Preview Assets.xcassets */; };
		07BF524928B26F9E00F1D906 /* About_Me_appTests.swift in Sources */ = {isa = PBXBuildFile; fileRef = 07BF524828B26F9E00F1D906 /* About_Me_appTests.swift */; };
		07BF525328B26F9E00F1D906 /* About_Me_appUITests.swift in Sources */ = {isa = PBXBuildFile; fileRef = 07BF525228B26F9E00F1D906 /* About_Me_appUITests.swift */; };
		07BF525528B26F9E00F1D906 /* About_Me_appUITestsLaunchTests.swift in Sources */ = {isa = PBXBuildFile; fileRef = 07BF525428B26F9E00F1D906 /* About_Me_appUITestsLaunchTests.swift */; };
		07BF526228B2723900F1D906 /* HomeView.swift in Sources */ = {isa = PBXBuildFile; fileRef = 07BF526128B2723900F1D906 /* HomeView.swift */; };
		07BF526628B2742200F1D906 /* Data.swift in Sources */ = {isa = PBXBuildFile; fileRef = 07BF526528B2742200F1D906 /* Data.swift */; };
		07BF526828B27DDC00F1D906 /* StoryView.swift in Sources */ = {isa = PBXBuildFile; fileRef = 07BF526728B27DDC00F1D906 /* StoryView.swift */; };
		07BF526A28B27F8A00F1D906 /* FavoritesView.swift in Sources */ = {isa = PBXBuildFile; fileRef = 07BF526928B27F8A00F1D906 /* FavoritesView.swift */; };
		07BF526C28B293FC00F1D906 /* FunFactsView.swift in Sources */ = {isa = PBXBuildFile; fileRef = 07BF526B28B293FC00F1D906 /* FunFactsView.swift */; };
/* End PBXBuildFile section */

/* Begin PBXContainerItemProxy section */
		07BF524528B26F9E00F1D906 /* PBXContainerItemProxy */ = {
			isa = PBXContainerItemProxy;
			containerPortal = 07BF522C28B26F9500F1D906 /* Project object */;
			proxyType = 1;
			remoteGlobalIDString = 07BF523328B26F9500F1D906;
			remoteInfo = "About Me app";
		};
		07BF524F28B26F9E00F1D906 /* PBXContainerItemProxy */ = {
			isa = PBXContainerItemProxy;
			containerPortal = 07BF522C28B26F9500F1D906 /* Project object */;
			proxyType = 1;
			remoteGlobalIDString = 07BF523328B26F9500F1D906;
			remoteInfo = "About Me app";
		};
/* End PBXContainerItemProxy section */

/* Begin PBXFileReference section */
		07BF523428B26F9500F1D906 /* About Me app.app */ = {isa = PBXFileReference; explicitFileType = wrapper.application; includeInIndex = 0; path = "About Me app.app"; sourceTree = BUILT_PRODUCTS_DIR; };
		07BF523728B26F9500F1D906 /* About_Me_appApp.swift */ = {isa = PBXFileReference; lastKnownFileType = sourcecode.swift; path = About_Me_appApp.swift; sourceTree = "<group>"; };
		07BF523928B26F9500F1D906 /* ContentView.swift */ = {isa = PBXFileReference; lastKnownFileType = sourcecode.swift; path = ContentView.swift; sourceTree = "<group>"; };
		07BF523B28B26F9D00F1D906 /* Assets.xcassets */ = {isa = PBXFileReference; lastKnownFileType = folder.assetcatalog; path = Assets.xcassets; sourceTree = "<group>"; };
		07BF523E28B26F9D00F1D906 /* Preview Assets.xcassets */ = {isa = PBXFileReference; lastKnownFileType = folder.assetcatalog; path = "Preview Assets.xcassets"; sourceTree = "<group>"; };
		07BF524428B26F9E00F1D906 /* About Me appTests.xctest */ = {isa = PBXFileReference; explicitFileType = wrapper.cfbundle; includeInIndex = 0; path = "About Me appTests.xctest"; sourceTree = BUILT_PRODUCTS_DIR; };
		07BF524828B26F9E00F1D906 /* About_Me_appTests.swift */ = {isa = PBXFileReference; lastKnownFileType = sourcecode.swift; path = About_Me_appTests.swift; sourceTree = "<group>"; };
		07BF524E28B26F9E00F1D906 /* About Me appUITests.xctest */ = {isa = PBXFileReference; explicitFileType = wrapper.cfbundle; includeInIndex = 0; path = "About Me appUITests.xctest"; sourceTree = BUILT_PRODUCTS_DIR; };
		07BF525228B26F9E00F1D906 /* About_Me_appUITests.swift */ = {isa = PBXFileReference; lastKnownFileType = sourcecode.swift; path = About_Me_appUITests.swift; sourceTree = "<group>"; };
		07BF525428B26F9E00F1D906 /* About_Me_appUITestsLaunchTests.swift */ = {isa = PBXFileReference; lastKnownFileType = sourcecode.swift; path = About_Me_appUITestsLaunchTests.swift; sourceTree = "<group>"; };
		07BF526128B2723900F1D906 /* HomeView.swift */ = {isa = PBXFileReference; lastKnownFileType = sourcecode.swift; path = HomeView.swift; sourceTree = "<group>"; };
		07BF526528B2742200F1D906 /* Data.swift */ = {isa = PBXFileReference; lastKnownFileType = sourcecode.swift; path = Data.swift; sourceTree = "<group>"; tabWidth = 2; };
		07BF526728B27DDC00F1D906 /* StoryView.swift */ = {isa = PBXFileReference; lastKnownFileType = sourcecode.swift; path = StoryView.swift; sourceTree = "<group>"; };
		07BF526928B27F8A00F1D906 /* FavoritesView.swift */ = {isa = PBXFileReference; lastKnownFileType = sourcecode.swift; path = FavoritesView.swift; sourceTree = "<group>"; };
		07BF526B28B293FC00F1D906 /* FunFactsView.swift */ = {isa = PBXFileReference; lastKnownFileType = sourcecode.swift; path = FunFactsView.swift; sourceTree = "<group>"; };
/* End PBXFileReference section */

/* Begin PBXFrameworksBuildPhase section */
		07BF523128B26F9500F1D906 /* Frameworks */ = {
			isa = PBXFrameworksBuildPhase;
			buildActionMask = 2147483647;
			files = (
			);
			runOnlyForDeploymentPostprocessing = 0;
		};
		07BF524128B26F9D00F1D906 /* Frameworks */ = {
			isa = PBXFrameworksBuildPhase;
			buildActionMask = 2147483647;
			files = (
			);
			runOnlyForDeploymentPostprocessing = 0;
		};
		07BF524B28B26F9E00F1D906 /* Frameworks */ = {
			isa = PBXFrameworksBuildPhase;
			buildActionMask = 2147483647;
			files = (
			);
			runOnlyForDeploymentPostprocessing = 0;
		};
/* End PBXFrameworksBuildPhase section */

/* Begin PBXGroup section */
		07BF522B28B26F9500F1D906 = {
			isa = PBXGroup;
			children = (
				07BF523628B26F9500F1D906 /* About Me app */,
				07BF524728B26F9E00F1D906 /* About Me appTests */,
				07BF525128B26F9E00F1D906 /* About Me appUITests */,
				07BF523528B26F9500F1D906 /* Products */,
			);
			sourceTree = "<group>";
		};
		07BF523528B26F9500F1D906 /* Products */ = {
			isa = PBXGroup;
			children = (
				07BF523428B26F9500F1D906 /* About Me app.app */,
				07BF524428B26F9E00F1D906 /* About Me appTests.xctest */,
				07BF524E28B26F9E00F1D906 /* About Me appUITests.xctest */,
			);
			name = Products;
			sourceTree = "<group>";
		};
		07BF523628B26F9500F1D906 /* About Me app */ = {
			isa = PBXGroup;
			children = (
				07BF523728B26F9500F1D906 /* About_Me_appApp.swift */,
				07BF523928B26F9500F1D906 /* ContentView.swift */,
				07BF526128B2723900F1D906 /* HomeView.swift */,
				07BF526728B27DDC00F1D906 /* StoryView.swift */,
				07BF526928B27F8A00F1D906 /* FavoritesView.swift */,
				07BF526B28B293FC00F1D906 /* FunFactsView.swift */,
				07BF526528B2742200F1D906 /* Data.swift */,
				07BF523B28B26F9D00F1D906 /* Assets.xcassets */,
				07BF523D28B26F9D00F1D906 /* Preview Content */,
			);
			path = "About Me app";
			sourceTree = "<group>";
		};
		07BF523D28B26F9D00F1D906 /* Preview Content */ = {
			isa = PBXGroup;
			children = (
				07BF523E28B26F9D00F1D906 /* Preview Assets.xcassets */,
			);
			path = "Preview Content";
			sourceTree = "<group>";
		};
		07BF524728B26F9E00F1D906 /* About Me appTests */ = {
			isa = PBXGroup;
			children = (
				07BF524828B26F9E00F1D906 /* About_Me_appTests.swift */,
			);
			path = "About Me appTests";
			sourceTree = "<group>";
		};
		07BF525128B26F9E00F1D906 /* About Me appUITests */ = {
			isa = PBXGroup;
			children = (
				07BF525228B26F9E00F1D906 /* About_Me_appUITests.swift */,
				07BF525428B26F9E00F1D906 /* About_Me_appUITestsLaunchTests.swift */,
			);
			path = "About Me appUITests";
			sourceTree = "<group>";
		};
/* End PBXGroup section */

/* Begin PBXNativeTarget section */
		07BF523328B26F9500F1D906 /* About Me app */ = {
			isa = PBXNativeTarget;
			buildConfigurationList = 07BF525828B26F9E00F1D906 /* Build configuration list for PBXNativeTarget "About Me app" */;
			buildPhases = (
				07BF523028B26F9500F1D906 /* Sources */,
				07BF523128B26F9500F1D906 /* Frameworks */,
				07BF523228B26F9500F1D906 /* Resources */,
			);
			buildRules = (
			);
			dependencies = (
			);
			name = "About Me app";
			productName = "About Me app";
			productReference = 07BF523428B26F9500F1D906 /* About Me app.app */;
			productType = "com.apple.product-type.application";
		};
		07BF524328B26F9D00F1D906 /* About Me appTests */ = {
			isa = PBXNativeTarget;
			buildConfigurationList = 07BF525B28B26F9E00F1D906 /* Build configuration list for PBXNativeTarget "About Me appTests" */;
			buildPhases = (
				07BF524028B26F9D00F1D906 /* Sources */,
				07BF524128B26F9D00F1D906 /* Frameworks */,
				07BF524228B26F9D00F1D906 /* Resources */,
			);
			buildRules = (
			);
			dependencies = (
				07BF524628B26F9E00F1D906 /* PBXTargetDependency */,
			);
			name = "About Me appTests";
			productName = "About Me appTests";
			productReference = 07BF524428B26F9E00F1D906 /* About Me appTests.xctest */;
			productType = "com.apple.product-type.bundle.unit-test";
		};
		07BF524D28B26F9E00F1D906 /* About Me appUITests */ = {
			isa = PBXNativeTarget;
			buildConfigurationList = 07BF525E28B26F9E00F1D906 /* Build configuration list for PBXNativeTarget "About Me appUITests" */;
			buildPhases = (
				07BF524A28B26F9E00F1D906 /* Sources */,
				07BF524B28B26F9E00F1D906 /* Frameworks */,
				07BF524C28B26F9E00F1D906 /* Resources */,
			);
			buildRules = (
			);
			dependencies = (
				07BF525028B26F9E00F1D906 /* PBXTargetDependency */,
			);
			name = "About Me appUITests";
			productName = "About Me appUITests";
			productReference = 07BF524E28B26F9E00F1D906 /* About Me appUITests.xctest */;
			productType = "com.apple.product-type.bundle.ui-testing";
		};
/* End PBXNativeTarget section */

/* Begin PBXProject section */
		07BF522C28B26F9500F1D906 /* Project object */ = {
			isa = PBXProject;
			attributes = {
				BuildIndependentTargetsInParallel = 1;
				LastSwiftUpdateCheck = 1340;
				LastUpgradeCheck = 1340;
				TargetAttributes = {
					07BF523328B26F9500F1D906 = {
						CreatedOnToolsVersion = 13.4.1;
					};
					07BF524328B26F9D00F1D906 = {
						CreatedOnToolsVersion = 13.4.1;
						TestTargetID = 07BF523328B26F9500F1D906;
					};
					07BF524D28B26F9E00F1D906 = {
						CreatedOnToolsVersion = 13.4.1;
						TestTargetID = 07BF523328B26F9500F1D906;
					};
				};
			};
			buildConfigurationList = 07BF522F28B26F9500F1D906 /* Build configuration list for PBXProject "About Me app" */;
			compatibilityVersion = "Xcode 13.0";
			developmentRegion = en;
			hasScannedForEncodings = 0;
			knownRegions = (
				en,
				Base,
			);
			mainGroup = 07BF522B28B26F9500F1D906;
			productRefGroup = 07BF523528B26F9500F1D906 /* Products */;
			projectDirPath = "";
			projectRoot = "";
			targets = (
				07BF523328B26F9500F1D906 /* About Me app */,
				07BF524328B26F9D00F1D906 /* About Me appTests */,
				07BF524D28B26F9E00F1D906 /* About Me appUITests */,
			);
		};
/* End PBXProject section */

/* Begin PBXResourcesBuildPhase section */
		07BF523228B26F9500F1D906 /* Resources */ = {
			isa = PBXResourcesBuildPhase;
			buildActionMask = 2147483647;
			files = (
				07BF523F28B26F9D00F1D906 /* Preview Assets.xcassets in Resources */,
				07BF523C28B26F9D00F1D906 /* Assets.xcassets in Resources */,
			);
			runOnlyForDeploymentPostprocessing = 0;
		};
		07BF524228B26F9D00F1D906 /* Resources */ = {
			isa = PBXResourcesBuildPhase;
			buildActionMask = 2147483647;
			files = (
			);
			runOnlyForDeploymentPostprocessing = 0;
		};
		07BF524C28B26F9E00F1D906 /* Resources */ = {
			isa = PBXResourcesBuildPhase;
			buildActionMask = 2147483647;
			files = (
			);
			runOnlyForDeploymentPostprocessing = 0;
		};
/* End PBXResourcesBuildPhase section */

/* Begin PBXSourcesBuildPhase section */
		07BF523028B26F9500F1D906 /* Sources */ = {
			isa = PBXSourcesBuildPhase;
			buildActionMask = 2147483647;
			files = (
				07BF526828B27DDC00F1D906 /* StoryView.swift in Sources */,
				07BF526228B2723900F1D906 /* HomeView.swift in Sources */,
				07BF526A28B27F8A00F1D906 /* FavoritesView.swift in Sources */,
				07BF526C28B293FC00F1D906 /* FunFactsView.swift in Sources */,
				07BF523A28B26F9500F1D906 /* ContentView.swift in Sources */,
				07BF523828B26F9500F1D906 /* About_Me_appApp.swift in Sources */,
				07BF526628B2742200F1D906 /* Data.swift in Sources */,
			);
			runOnlyForDeploymentPostprocessing = 0;
		};
		07BF524028B26F9D00F1D906 /* Sources */ = {
			isa = PBXSourcesBuildPhase;
			buildActionMask = 2147483647;
			files = (
				07BF524928B26F9E00F1D906 /* About_Me_appTests.swift in Sources */,
			);
			runOnlyForDeploymentPostprocessing = 0;
		};
		07BF524A28B26F9E00F1D906 /* Sources */ = {
			isa = PBXSourcesBuildPhase;
			buildActionMask = 2147483647;
			files = (
				07BF525528B26F9E00F1D906 /* About_Me_appUITestsLaunchTests.swift in Sources */,
				07BF525328B26F9E00F1D906 /* About_Me_appUITests.swift in Sources */,
			);
			runOnlyForDeploymentPostprocessing = 0;
		};
/* End PBXSourcesBuildPhase section */

/* Begin PBXTargetDependency section */
		07BF524628B26F9E00F1D906 /* PBXTargetDependency */ = {
			isa = PBXTargetDependency;
			target = 07BF523328B26F9500F1D906 /* About Me app */;
			targetProxy = 07BF524528B26F9E00F1D906 /* PBXContainerItemProxy */;
		};
		07BF525028B26F9E00F1D906 /* PBXTargetDependency */ = {
			isa = PBXTargetDependency;
			target = 07BF523328B26F9500F1D906 /* About Me app */;
			targetProxy = 07BF524F28B26F9E00F1D906 /* PBXContainerItemProxy */;
		};
/* End PBXTargetDependency section */

/* Begin XCBuildConfiguration section */
		07BF525628B26F9E00F1D906 /* Debug */ = {
			isa = XCBuildConfiguration;
			buildSettings = {
				ALWAYS_SEARCH_USER_PATHS = NO;
				CLANG_ANALYZER_NONNULL = YES;
				CLANG_ANALYZER_NUMBER_OBJECT_CONVERSION = YES_AGGRESSIVE;
				CLANG_CXX_LANGUAGE_STANDARD = "gnu++17";
				CLANG_ENABLE_MODULES = YES;
				CLANG_ENABLE_OBJC_ARC = YES;
				CLANG_ENABLE_OBJC_WEAK = YES;
				CLANG_WARN_BLOCK_CAPTURE_AUTORELEASING = YES;
				CLANG_WARN_BOOL_CONVERSION = YES;
				CLANG_WARN_COMMA = YES;
				CLANG_WARN_CONSTANT_CONVERSION = YES;
				CLANG_WARN_DEPRECATED_OBJC_IMPLEMENTATIONS = YES;
				CLANG_WARN_DIRECT_OBJC_ISA_USAGE = YES_ERROR;
				CLANG_WARN_DOCUMENTATION_COMMENTS = YES;
				CLANG_WARN_EMPTY_BODY = YES;
				CLANG_WARN_ENUM_CONVERSION = YES;
				CLANG_WARN_INFINITE_RECURSION = YES;
				CLANG_WARN_INT_CONVERSION = YES;
				CLANG_WARN_NON_LITERAL_NULL_CONVERSION = YES;
				CLANG_WARN_OBJC_IMPLICIT_RETAIN_SELF = YES;
				CLANG_WARN_OBJC_LITERAL_CONVERSION = YES;
				CLANG_WARN_OBJC_ROOT_CLASS = YES_ERROR;
				CLANG_WARN_QUOTED_INCLUDE_IN_FRAMEWORK_HEADER = YES;
				CLANG_WARN_RANGE_LOOP_ANALYSIS = YES;
				CLANG_WARN_STRICT_PROTOTYPES = YES;
				CLANG_WARN_SUSPICIOUS_MOVE = YES;
				CLANG_WARN_UNGUARDED_AVAILABILITY = YES_AGGRESSIVE;
				CLANG_WARN_UNREACHABLE_CODE = YES;
				CLANG_WARN__DUPLICATE_METHOD_MATCH = YES;
				COPY_PHASE_STRIP = NO;
				DEBUG_INFORMATION_FORMAT = dwarf;
				ENABLE_STRICT_OBJC_MSGSEND = YES;
				ENABLE_TESTABILITY = YES;
				GCC_C_LANGUAGE_STANDARD = gnu11;
				GCC_DYNAMIC_NO_PIC = NO;
				GCC_NO_COMMON_BLOCKS = YES;
				GCC_OPTIMIZATION_LEVEL = 0;
				GCC_PREPROCESSOR_DEFINITIONS = (
					"DEBUG=1",
					"$(inherited)",
				);
				GCC_WARN_64_TO_32_BIT_CONVERSION = YES;
				GCC_WARN_ABOUT_RETURN_TYPE = YES_ERROR;
				GCC_WARN_UNDECLARED_SELECTOR = YES;
				GCC_WARN_UNINITIALIZED_AUTOS = YES_AGGRESSIVE;
				GCC_WARN_UNUSED_FUNCTION = YES;
				GCC_WARN_UNUSED_VARIABLE = YES;
				IPHONEOS_DEPLOYMENT_TARGET = 15.5;
				MTL_ENABLE_DEBUG_INFO = INCLUDE_SOURCE;
				MTL_FAST_MATH = YES;
				ONLY_ACTIVE_ARCH = YES;
				SDKROOT = iphoneos;
				SWIFT_ACTIVE_COMPILATION_CONDITIONS = DEBUG;
				SWIFT_OPTIMIZATION_LEVEL = "-Onone";
			};
			name = Debug;
		};
		07BF525728B26F9E00F1D906 /* Release */ = {
			isa = XCBuildConfiguration;
			buildSettings = {
				ALWAYS_SEARCH_USER_PATHS = NO;
				CLANG_ANALYZER_NONNULL = YES;
				CLANG_ANALYZER_NUMBER_OBJECT_CONVERSION = YES_AGGRESSIVE;
				CLANG_CXX_LANGUAGE_STANDARD = "gnu++17";
				CLANG_ENABLE_MODULES = YES;
				CLANG_ENABLE_OBJC_ARC = YES;
				CLANG_ENABLE_OBJC_WEAK = YES;
				CLANG_WARN_BLOCK_CAPTURE_AUTORELEASING = YES;
				CLANG_WARN_BOOL_CONVERSION = YES;
				CLANG_WARN_COMMA = YES;
				CLANG_WARN_CONSTANT_CONVERSION = YES;
				CLANG_WARN_DEPRECATED_OBJC_IMPLEMENTATIONS = YES;
				CLANG_WARN_DIRECT_OBJC_ISA_USAGE = YES_ERROR;
				CLANG_WARN_DOCUMENTATION_COMMENTS = YES;
				CLANG_WARN_EMPTY_BODY = YES;
				CLANG_WARN_ENUM_CONVERSION = YES;
				CLANG_WARN_INFINITE_RECURSION = YES;
				CLANG_WARN_INT_CONVERSION = YES;
				CLANG_WARN_NON_LITERAL_NULL_CONVERSION = YES;
				CLANG_WARN_OBJC_IMPLICIT_RETAIN_SELF = YES;
				CLANG_WARN_OBJC_LITERAL_CONVERSION = YES;
				CLANG_WARN_OBJC_ROOT_CLASS = YES_ERROR;
				CLANG_WARN_QUOTED_INCLUDE_IN_FRAMEWORK_HEADER = YES;
				CLANG_WARN_RANGE_LOOP_ANALYSIS = YES;
				CLANG_WARN_STRICT_PROTOTYPES = YES;
				CLANG_WARN_SUSPICIOUS_MOVE = YES;
				CLANG_WARN_UNGUARDED_AVAILABILITY = YES_AGGRESSIVE;
				CLANG_WARN_UNREACHABLE_CODE = YES;
				CLANG_WARN__DUPLICATE_METHOD_MATCH = YES;
				COPY_PHASE_STRIP = NO;
				DEBUG_INFORMATION_FORMAT = "dwarf-with-dsym";
				ENABLE_NS_ASSERTIONS = NO;
				ENABLE_STRICT_OBJC_MSGSEND = YES;
				GCC_C_LANGUAGE_STANDARD = gnu11;
				GCC_NO_COMMON_BLOCKS = YES;
				GCC_WARN_64_TO_32_BIT_CONVERSION = YES;
				GCC_WARN_ABOUT_RETURN_TYPE = YES_ERROR;
				GCC_WARN_UNDECLARED_SELECTOR = YES;
				GCC_WARN_UNINITIALIZED_AUTOS = YES_AGGRESSIVE;
				GCC_WARN_UNUSED_FUNCTION = YES;
				GCC_WARN_UNUSED_VARIABLE = YES;
				IPHONEOS_DEPLOYMENT_TARGET = 15.5;
				MTL_ENABLE_DEBUG_INFO = NO;
				MTL_FAST_MATH = YES;
				SDKROOT = iphoneos;
				SWIFT_COMPILATION_MODE = wholemodule;
				SWIFT_OPTIMIZATION_LEVEL = "-O";
				VALIDATE_PRODUCT = YES;
			};
			name = Release;
		};
		07BF525928B26F9E00F1D906 /* Debug */ = {
			isa = XCBuildConfiguration;
			buildSettings = {
				ASSETCATALOG_COMPILER_APPICON_NAME = AppIcon;
				ASSETCATALOG_COMPILER_GLOBAL_ACCENT_COLOR_NAME = AccentColor;
				CODE_SIGN_STYLE = Automatic;
				CURRENT_PROJECT_VERSION = 1;
				DEVELOPMENT_ASSET_PATHS = "\"About Me app/Preview Content\"";
				DEVELOPMENT_TEAM = AUAKG3AAJX;
				ENABLE_PREVIEWS = YES;
				GENERATE_INFOPLIST_FILE = YES;
				INFOPLIST_KEY_UIApplicationSceneManifest_Generation = YES;
				INFOPLIST_KEY_UIApplicationSupportsIndirectInputEvents = YES;
				INFOPLIST_KEY_UILaunchScreen_Generation = YES;
				INFOPLIST_KEY_UISupportedInterfaceOrientations_iPad = "UIInterfaceOrientationPortrait UIInterfaceOrientationPortraitUpsideDown UIInterfaceOrientationLandscapeLeft UIInterfaceOrientationLandscapeRight";
				INFOPLIST_KEY_UISupportedInterfaceOrientations_iPhone = "UIInterfaceOrientationPortrait UIInterfaceOrientationLandscapeLeft UIInterfaceOrientationLandscapeRight";
				LD_RUNPATH_SEARCH_PATHS = (
					"$(inherited)",
					"@executable_path/Frameworks",
				);
				MARKETING_VERSION = 1.0;
				PRODUCT_BUNDLE_IDENTIFIER = "com.YTR.About-Me-app";
				PRODUCT_NAME = "$(TARGET_NAME)";
				SWIFT_EMIT_LOC_STRINGS = YES;
				SWIFT_VERSION = 5.0;
				TARGETED_DEVICE_FAMILY = "1,2";
			};
			name = Debug;
		};
		07BF525A28B26F9E00F1D906 /* Release */ = {
			isa = XCBuildConfiguration;
			buildSettings = {
				ASSETCATALOG_COMPILER_APPICON_NAME = AppIcon;
				ASSETCATALOG_COMPILER_GLOBAL_ACCENT_COLOR_NAME = AccentColor;
				CODE_SIGN_STYLE = Automatic;
				CURRENT_PROJECT_VERSION = 1;
				DEVELOPMENT_ASSET_PATHS = "\"About Me app/Preview Content\"";
				DEVELOPMENT_TEAM = AUAKG3AAJX;
				ENABLE_PREVIEWS = YES;
				GENERATE_INFOPLIST_FILE = YES;
				INFOPLIST_KEY_UIApplicationSceneManifest_Generation = YES;
				INFOPLIST_KEY_UIApplicationSupportsIndirectInputEvents = YES;
				INFOPLIST_KEY_UILaunchScreen_Generation = YES;
				INFOPLIST_KEY_UISupportedInterfaceOrientations_iPad = "UIInterfaceOrientationPortrait UIInterfaceOrientationPortraitUpsideDown UIInterfaceOrientationLandscapeLeft UIInterfaceOrientationLandscapeRight";
				INFOPLIST_KEY_UISupportedInterfaceOrientations_iPhone = "UIInterfaceOrientationPortrait UIInterfaceOrientationLandscapeLeft UIInterfaceOrientationLandscapeRight";
				LD_RUNPATH_SEARCH_PATHS = (
					"$(inherited)",
					"@executable_path/Frameworks",
				);
				MARKETING_VERSION = 1.0;
				PRODUCT_BUNDLE_IDENTIFIER = "com.YTR.About-Me-app";
				PRODUCT_NAME = "$(TARGET_NAME)";
				SWIFT_EMIT_LOC_STRINGS = YES;
				SWIFT_VERSION = 5.0;
				TARGETED_DEVICE_FAMILY = "1,2";
			};
			name = Release;
		};
		07BF525C28B26F9E00F1D906 /* Debug */ = {
			isa = XCBuildConfiguration;
			buildSettings = {
				ALWAYS_EMBED_SWIFT_STANDARD_LIBRARIES = YES;
				BUNDLE_LOADER = "$(TEST_HOST)";
				CODE_SIGN_STYLE = Automatic;
				CURRENT_PROJECT_VERSION = 1;
				DEVELOPMENT_TEAM = AUAKG3AAJX;
				GENERATE_INFOPLIST_FILE = YES;
				IPHONEOS_DEPLOYMENT_TARGET = 15.5;
				MARKETING_VERSION = 1.0;
				PRODUCT_BUNDLE_IDENTIFIER = "com.YTR.About-Me-appTests";
				PRODUCT_NAME = "$(TARGET_NAME)";
				SWIFT_EMIT_LOC_STRINGS = NO;
				SWIFT_VERSION = 5.0;
				TARGETED_DEVICE_FAMILY = "1,2";
				TEST_HOST = "$(BUILT_PRODUCTS_DIR)/About Me app.app/About Me app";
			};
			name = Debug;
		};
		07BF525D28B26F9E00F1D906 /* Release */ = {
			isa = XCBuildConfiguration;
			buildSettings = {
				ALWAYS_EMBED_SWIFT_STANDARD_LIBRARIES = YES;
				BUNDLE_LOADER = "$(TEST_HOST)";
				CODE_SIGN_STYLE = Automatic;
				CURRENT_PROJECT_VERSION = 1;
				DEVELOPMENT_TEAM = AUAKG3AAJX;
				GENERATE_INFOPLIST_FILE = YES;
				IPHONEOS_DEPLOYMENT_TARGET = 15.5;
				MARKETING_VERSION = 1.0;
				PRODUCT_BUNDLE_IDENTIFIER = "com.YTR.About-Me-appTests";
				PRODUCT_NAME = "$(TARGET_NAME)";
				SWIFT_EMIT_LOC_STRINGS = NO;
				SWIFT_VERSION = 5.0;
				TARGETED_DEVICE_FAMILY = "1,2";
				TEST_HOST = "$(BUILT_PRODUCTS_DIR)/About Me app.app/About Me app";
			};
			name = Release;
		};
		07BF525F28B26F9E00F1D906 /* Debug */ = {
			isa = XCBuildConfiguration;
			buildSettings = {
				ALWAYS_EMBED_SWIFT_STANDARD_LIBRARIES = YES;
				CODE_SIGN_STYLE = Automatic;
				CURRENT_PROJECT_VERSION = 1;
				DEVELOPMENT_TEAM = AUAKG3AAJX;
				GENERATE_INFOPLIST_FILE = YES;
				MARKETING_VERSION = 1.0;
				PRODUCT_BUNDLE_IDENTIFIER = "com.YTR.About-Me-appUITests";
				PRODUCT_NAME = "$(TARGET_NAME)";
				SWIFT_EMIT_LOC_STRINGS = NO;
				SWIFT_VERSION = 5.0;
				TARGETED_DEVICE_FAMILY = "1,2";
				TEST_TARGET_NAME = "About Me app";
			};
			name = Debug;
		};
		07BF526028B26F9E00F1D906 /* Release */ = {
			isa = XCBuildConfiguration;
			buildSettings = {
				ALWAYS_EMBED_SWIFT_STANDARD_LIBRARIES = YES;
				CODE_SIGN_STYLE = Automatic;
				CURRENT_PROJECT_VERSION = 1;
				DEVELOPMENT_TEAM = AUAKG3AAJX;
				GENERATE_INFOPLIST_FILE = YES;
				MARKETING_VERSION = 1.0;
				PRODUCT_BUNDLE_IDENTIFIER = "com.YTR.About-Me-appUITests";
				PRODUCT_NAME = "$(TARGET_NAME)";
				SWIFT_EMIT_LOC_STRINGS = NO;
				SWIFT_VERSION = 5.0;
				TARGETED_DEVICE_FAMILY = "1,2";
				TEST_TARGET_NAME = "About Me app";
			};
			name = Release;
		};
/* End XCBuildConfiguration section */

/* Begin XCConfigurationList section */
		07BF522F28B26F9500F1D906 /* Build configuration list for PBXProject "About Me app" */ = {
			isa = XCConfigurationList;
			buildConfigurations = (
				07BF525628B26F9E00F1D906 /* Debug */,
				07BF525728B26F9E00F1D906 /* Release */,
			);
			defaultConfigurationIsVisible = 0;
			defaultConfigurationName = Release;
		};
		07BF525828B26F9E00F1D906 /* Build configuration list for PBXNativeTarget "About Me app" */ = {
			isa = XCConfigurationList;
			buildConfigurations = (
				07BF525928B26F9E00F1D906 /* Debug */,
				07BF525A28B26F9E00F1D906 /* Release */,
			);
			defaultConfigurationIsVisible = 0;
			defaultConfigurationName = Release;
		};
		07BF525B28B26F9E00F1D906 /* Build configuration list for PBXNativeTarget "About Me appTests" */ = {
			isa = XCConfigurationList;
			buildConfigurations = (
				07BF525C28B26F9E00F1D906 /* Debug */,
				07BF525D28B26F9E00F1D906 /* Release */,
			);
			defaultConfigurationIsVisible = 0;
			defaultConfigurationName = Release;
		};
		07BF525E28B26F9E00F1D906 /* Build configuration list for PBXNativeTarget "About Me appUITests" */ = {
			isa = XCConfigurationList;
			buildConfigurations = (
				07BF525F28B26F9E00F1D906 /* Debug */,
				07BF526028B26F9E00F1D906 /* Release */,
			);
			defaultConfigurationIsVisible = 0;
			defaultConfigurationName = Release;
		};
/* End XCConfigurationList section */
	};
	rootObject = 07BF522C28B26F9500F1D906 /* Project object */;
}
